
Microsoft Visual Studio Solution File, Format Version 12.00
# Visual Studio Version 17
VisualStudioVersion = 17.9.34728.123
MinimumVisualStudioVersion = 10.0.40219.1
Project("{9A19103F-16F7-4668-BE54-9A1E7A4F7556}") = "Bootcamp.Api", "BootcampApi\Bootcamp.Api.csproj", "{34CA287D-A8AD-47FA-ACA6-A4A646332220}"
EndProject
Project("{9A19103F-16F7-4668-BE54-9A1E7A4F7556}") = "Bootcamp.Repository", "Bootcamp.Repository\Bootcamp.Repository.csproj", "{5ADA172A-F03F-4DB4-BBAF-AA2027F8404A}"
EndProject
Project("{9A19103F-16F7-4668-BE54-9A1E7A4F7556}") = "Domain", "Domain\Domain.csproj", "{2A97C95D-CE58-498E-B83F-52758DA1BDF6}"
EndProject
Project("{9A19103F-16F7-4668-BE54-9A1E7A4F7556}") = "Bootcamp.Service", "Bootcamp.Service\Bootcamp.Service.csproj", "{1DEF2D69-0D47-4E65-A93E-8A96AC279396}"
EndProject
Project("{2150E333-8FDC-42A3-9474-1A3956D46DE8}") = "NLayer", "NLayer", "{0BA5B15E-5067-4D78-B6AD-05368E4A3D90}"
EndProject
Project("{2150E333-8FDC-42A3-9474-1A3956D46DE8}") = "CleanArc", "CleanArc", "{2AACD46B-4C26-4C48-BC7B-BBF39F2778F6}"
EndProject
Project("{9A19103F-16F7-4668-BE54-9A1E7A4F7556}") = "Bootcamp.Clean.Domain", "Bootcamp.Clean.Domain\Bootcamp.Clean.Domain.csproj", "{FA3E3979-B87B-4737-9C3D-469E878A232B}"
EndProject
Project("{9A19103F-16F7-4668-BE54-9A1E7A4F7556}") = "Bootcamp.Clean.ApplicationService", "Bootcamp.Clean.ApplicationService\Bootcamp.Clean.ApplicationService.csproj", "{4DA73E13-9F87-4993-B839-4EC6512CBB13}"
EndProject
Project("{9A19103F-16F7-4668-BE54-9A1E7A4F7556}") = "Bootcamp.Clean.Repository", "Bootcamp.Clean.Repository\Bootcamp.Clean.Repository.csproj", "{12BEA9C2-2BAF-4BF2-8C45-183E28F667B6}"
EndProject
Project("{9A19103F-16F7-4668-BE54-9A1E7A4F7556}") = "Bootcamp.Clean.Api", "Bootcamp.Clean.Api\Bootcamp.Clean.Api.csproj", "{E5A88429-857D-45EE-9696-7372461A6622}"
EndProject
Project("{FAE04EC0-301F-11D3-BF4B-00C04F79EFBC}") = "Bootcamp.Clean.Cache", "Bootcamp.Clean.Cache\Bootcamp.Clean.Cache.csproj", "{A609EDAC-6F7D-4B9F-8C28-20FE07F8B4CE}"
EndProject
Global
	GlobalSection(SolutionConfigurationPlatforms) = preSolution
		Debug|Any CPU = Debug|Any CPU
		Release|Any CPU = Release|Any CPU
	EndGlobalSection
	GlobalSection(ProjectConfigurationPlatforms) = postSolution
		{34CA287D-A8AD-47FA-ACA6-A4A646332220}.Debug|Any CPU.ActiveCfg = Debug|Any CPU
		{34CA287D-A8AD-47FA-ACA6-A4A646332220}.Debug|Any CPU.Build.0 = Debug|Any CPU
		{34CA287D-A8AD-47FA-ACA6-A4A646332220}.Release|Any CPU.ActiveCfg = Release|Any CPU
		{34CA287D-A8AD-47FA-ACA6-A4A646332220}.Release|Any CPU.Build.0 = Release|Any CPU
		{5ADA172A-F03F-4DB4-BBAF-AA2027F8404A}.Debug|Any CPU.ActiveCfg = Debug|Any CPU
		{5ADA172A-F03F-4DB4-BBAF-AA2027F8404A}.Debug|Any CPU.Build.0 = Debug|Any CPU
		{5ADA172A-F03F-4DB4-BBAF-AA2027F8404A}.Release|Any CPU.ActiveCfg = Release|Any CPU
		{5ADA172A-F03F-4DB4-BBAF-AA2027F8404A}.Release|Any CPU.Build.0 = Release|Any CPU
		{2A97C95D-CE58-498E-B83F-52758DA1BDF6}.Debug|Any CPU.ActiveCfg = Debug|Any CPU
		{2A97C95D-CE58-498E-B83F-52758DA1BDF6}.Debug|Any CPU.Build.0 = Debug|Any CPU
		{2A97C95D-CE58-498E-B83F-52758DA1BDF6}.Release|Any CPU.ActiveCfg = Release|Any CPU
		{2A97C95D-CE58-498E-B83F-52758DA1BDF6}.Release|Any CPU.Build.0 = Release|Any CPU
		{1DEF2D69-0D47-4E65-A93E-8A96AC279396}.Debug|Any CPU.ActiveCfg = Debug|Any CPU
		{1DEF2D69-0D47-4E65-A93E-8A96AC279396}.Debug|Any CPU.Build.0 = Debug|Any CPU
		{1DEF2D69-0D47-4E65-A93E-8A96AC279396}.Release|Any CPU.ActiveCfg = Release|Any CPU
		{1DEF2D69-0D47-4E65-A93E-8A96AC279396}.Release|Any CPU.Build.0 = Release|Any CPU
		{FA3E3979-B87B-4737-9C3D-469E878A232B}.Debug|Any CPU.ActiveCfg = Debug|Any CPU
		{FA3E3979-B87B-4737-9C3D-469E878A232B}.Debug|Any CPU.Build.0 = Debug|Any CPU
		{FA3E3979-B87B-4737-9C3D-469E878A232B}.Release|Any CPU.ActiveCfg = Release|Any CPU
		{FA3E3979-B87B-4737-9C3D-469E878A232B}.Release|Any CPU.Build.0 = Release|Any CPU
		{4DA73E13-9F87-4993-B839-4EC6512CBB13}.Debug|Any CPU.ActiveCfg = Debug|Any CPU
		{4DA73E13-9F87-4993-B839-4EC6512CBB13}.Debug|Any CPU.Build.0 = Debug|Any CPU
		{4DA73E13-9F87-4993-B839-4EC6512CBB13}.Release|Any CPU.ActiveCfg = Release|Any CPU
		{4DA73E13-9F87-4993-B839-4EC6512CBB13}.Release|Any CPU.Build.0 = Release|Any CPU
		{12BEA9C2-2BAF-4BF2-8C45-183E28F667B6}.Debug|Any CPU.ActiveCfg = Debug|Any CPU
		{12BEA9C2-2BAF-4BF2-8C45-183E28F667B6}.Debug|Any CPU.Build.0 = Debug|Any CPU
		{12BEA9C2-2BAF-4BF2-8C45-183E28F667B6}.Release|Any CPU.ActiveCfg = Release|Any CPU
		{12BEA9C2-2BAF-4BF2-8C45-183E28F667B6}.Release|Any CPU.Build.0 = Release|Any CPU
		{E5A88429-857D-45EE-9696-7372461A6622}.Debug|Any CPU.ActiveCfg = Debug|Any CPU
		{E5A88429-857D-45EE-9696-7372461A6622}.Debug|Any CPU.Build.0 = Debug|Any CPU
		{E5A88429-857D-45EE-9696-7372461A6622}.Release|Any CPU.ActiveCfg = Release|Any CPU
		{E5A88429-857D-45EE-9696-7372461A6622}.Release|Any CPU.Build.0 = Release|Any CPU
		{A609EDAC-6F7D-4B9F-8C28-20FE07F8B4CE}.Debug|Any CPU.ActiveCfg = Debug|Any CPU
		{A609EDAC-6F7D-4B9F-8C28-20FE07F8B4CE}.Debug|Any CPU.Build.0 = Debug|Any CPU
		{A609EDAC-6F7D-4B9F-8C28-20FE07F8B4CE}.Release|Any CPU.ActiveCfg = Release|Any CPU
		{A609EDAC-6F7D-4B9F-8C28-20FE07F8B4CE}.Release|Any CPU.Build.0 = Release|Any CPU
	EndGlobalSection
	GlobalSection(SolutionProperties) = preSolution
		HideSolutionNode = FALSE
	EndGlobalSection
	GlobalSection(NestedProjects) = preSolution
		{34CA287D-A8AD-47FA-ACA6-A4A646332220} = {0BA5B15E-5067-4D78-B6AD-05368E4A3D90}
		{5ADA172A-F03F-4DB4-BBAF-AA2027F8404A} = {0BA5B15E-5067-4D78-B6AD-05368E4A3D90}
		{2A97C95D-CE58-498E-B83F-52758DA1BDF6} = {0BA5B15E-5067-4D78-B6AD-05368E4A3D90}
		{1DEF2D69-0D47-4E65-A93E-8A96AC279396} = {0BA5B15E-5067-4D78-B6AD-05368E4A3D90}
		{FA3E3979-B87B-4737-9C3D-469E878A232B} = {2AACD46B-4C26-4C48-BC7B-BBF39F2778F6}
		{4DA73E13-9F87-4993-B839-4EC6512CBB13} = {2AACD46B-4C26-4C48-BC7B-BBF39F2778F6}
		{12BEA9C2-2BAF-4BF2-8C45-183E28F667B6} = {2AACD46B-4C26-4C48-BC7B-BBF39F2778F6}
		{E5A88429-857D-45EE-9696-7372461A6622} = {2AACD46B-4C26-4C48-BC7B-BBF39F2778F6}
		{A609EDAC-6F7D-4B9F-8C28-20FE07F8B4CE} = {2AACD46B-4C26-4C48-BC7B-BBF39F2778F6}
	EndGlobalSection
	GlobalSection(ExtensibilityGlobals) = postSolution
		SolutionGuid = {79AEA9C0-554E-43C4-803E-7E24F57CBB89}
	EndGlobalSection
EndGlobal
